
Microsoft Visual Studio Solution File, Format Version 12.00
# Visual Studio Version 17
VisualStudioVersion = 17.12.35209.166
MinimumVisualStudioVersion = 10.0.40219.1
Project("{FAE04EC0-301F-11D3-BF4B-00C04F79EFBC}") = "Attendance", "Attendance.csproj", "{3186FBCE-312D-4550-A5CF-41A75670C74A}"
EndProject
Global
	GlobalSection(SolutionConfigurationPlatforms) = preSolution
		Debug|Any CPU = Debug|Any CPU
		Release|Any CPU = Release|Any CPU
	EndGlobalSection
	GlobalSection(ProjectConfigurationPlatforms) = postSolution
		{3186FBCE-312D-4550-A5CF-41A75670C74A}.Debug|Any CPU.ActiveCfg = Debug|Any CPU
		{3186FBCE-312D-4550-A5CF-41A75670C74A}.Debug|Any CPU.Build.0 = Debug|Any CPU
		{3186FBCE-312D-4550-A5CF-41A75670C74A}.Release|Any CPU.ActiveCfg = Release|Any CPU
		{3186FBCE-312D-4550-A5CF-41A75670C74A}.Release|Any CPU.Build.0 = Release|Any CPU
	EndGlobalSection
	GlobalSection(SolutionProperties) = preSolution
		HideSolutionNode = FALSE
	EndGlobalSection
	GlobalSection(ExtensibilityGlobals) = postSolution
		SolutionGuid = {32BB9B4F-0D4A-42A0-99EF-8BA4F23A3AC7}
	EndGlobalSection
EndGlobal
